
Microsoft Visual Studio Solution File, Format Version 12.00
# Visual Studio 15
VisualStudioVersion = 15.0.27130.2010
MinimumVisualStudioVersion = 10.0.40219.1
Project("{FAE04EC0-301F-11D3-BF4B-00C04F79EFBC}") = "Lab13", "Lab13\Lab13.csproj", "{B0552053-8558-4CF3-95E4-615F1108297B}"
EndProject
Project("{FAE04EC0-301F-11D3-BF4B-00C04F79EFBC}") = "DAL", "DAL\DAL.csproj", "{E69ADF8F-EF83-4967-8D87-22BD81A645B6}"
EndProject
Project("{FAE04EC0-301F-11D3-BF4B-00C04F79EFBC}") = "Dapper", "Dapper\Dapper.csproj", "{2CD2267E-FF36-4FE7-A055-F61D46A6E800}"
EndProject
Global
	GlobalSection(SolutionConfigurationPlatforms) = preSolution
		Debug|Any CPU = Debug|Any CPU
		Release|Any CPU = Release|Any CPU
	EndGlobalSection
	GlobalSection(ProjectConfigurationPlatforms) = postSolution
		{B0552053-8558-4CF3-95E4-615F1108297B}.Debug|Any CPU.ActiveCfg = Debug|Any CPU
		{B0552053-8558-4CF3-95E4-615F1108297B}.Debug|Any CPU.Build.0 = Debug|Any CPU
		{B0552053-8558-4CF3-95E4-615F1108297B}.Release|Any CPU.ActiveCfg = Release|Any CPU
		{B0552053-8558-4CF3-95E4-615F1108297B}.Release|Any CPU.Build.0 = Release|Any CPU
		{E69ADF8F-EF83-4967-8D87-22BD81A645B6}.Debug|Any CPU.ActiveCfg = Debug|Any CPU
		{E69ADF8F-EF83-4967-8D87-22BD81A645B6}.Debug|Any CPU.Build.0 = Debug|Any CPU
		{E69ADF8F-EF83-4967-8D87-22BD81A645B6}.Release|Any CPU.ActiveCfg = Release|Any CPU
		{E69ADF8F-EF83-4967-8D87-22BD81A645B6}.Release|Any CPU.Build.0 = Release|Any CPU
		{2CD2267E-FF36-4FE7-A055-F61D46A6E800}.Debug|Any CPU.ActiveCfg = Debug|Any CPU
		{2CD2267E-FF36-4FE7-A055-F61D46A6E800}.Debug|Any CPU.Build.0 = Debug|Any CPU
		{2CD2267E-FF36-4FE7-A055-F61D46A6E800}.Release|Any CPU.ActiveCfg = Release|Any CPU
		{2CD2267E-FF36-4FE7-A055-F61D46A6E800}.Release|Any CPU.Build.0 = Release|Any CPU
	EndGlobalSection
	GlobalSection(SolutionProperties) = preSolution
		HideSolutionNode = FALSE
	EndGlobalSection
	GlobalSection(ExtensibilityGlobals) = postSolution
		SolutionGuid = {436C595F-E163-4667-B8C1-4AF459595917}
	EndGlobalSection
EndGlobal
